
Microsoft Visual Studio Solution File, Format Version 12.00
# Visual Studio Version 16
VisualStudioVersion = 16.0.808.3
MinimumVisualStudioVersion = 10.0.40219.1
Project("{9A19103F-16F7-4668-BE54-9A1E7A4F7556}") = "Adapter", "Adapter\Adapter.csproj", "{53330A7F-1F18-4AA5-9C96-B7D9DCCAD410}"
EndProject
Project("{FAE04EC0-301F-11D3-BF4B-00C04F79EFBC}") = "TestProjectStockSystem", "TestProjectStockSystem\TestProjectStockSystem.csproj", "{19DB4831-53AF-4209-AB82-CAF421B8320C}"
EndProject
Global
	GlobalSection(SolutionConfigurationPlatforms) = preSolution
		Debug|Any CPU = Debug|Any CPU
		Release|Any CPU = Release|Any CPU
	EndGlobalSection
	GlobalSection(ProjectConfigurationPlatforms) = postSolution
		{53330A7F-1F18-4AA5-9C96-B7D9DCCAD410}.Debug|Any CPU.ActiveCfg = Debug|Any CPU
		{53330A7F-1F18-4AA5-9C96-B7D9DCCAD410}.Debug|Any CPU.Build.0 = Debug|Any CPU
		{53330A7F-1F18-4AA5-9C96-B7D9DCCAD410}.Release|Any CPU.ActiveCfg = Release|Any CPU
		{53330A7F-1F18-4AA5-9C96-B7D9DCCAD410}.Release|Any CPU.Build.0 = Release|Any CPU
		{19DB4831-53AF-4209-AB82-CAF421B8320C}.Debug|Any CPU.ActiveCfg = Debug|Any CPU
		{19DB4831-53AF-4209-AB82-CAF421B8320C}.Debug|Any CPU.Build.0 = Debug|Any CPU
		{19DB4831-53AF-4209-AB82-CAF421B8320C}.Release|Any CPU.ActiveCfg = Release|Any CPU
		{19DB4831-53AF-4209-AB82-CAF421B8320C}.Release|Any CPU.Build.0 = Release|Any CPU
	EndGlobalSection
	GlobalSection(SolutionProperties) = preSolution
		HideSolutionNode = FALSE
	EndGlobalSection
	GlobalSection(ExtensibilityGlobals) = postSolution
		SolutionGuid = {AB211625-473D-4E70-9BF0-2715B288A650}
	EndGlobalSection
EndGlobal
